// !$*UTF8*$!
{
	archiveVersion = 1;
	classes = {
	};
	objectVersion = 50;
	objects = {

/* Begin PBXBuildFile section */
		A18DF5932377CEC5009E5E55 /* AppDelegate.swift in Sources */ = {isa = PBXBuildFile; fileRef = A18DF5922377CEC5009E5E55 /* AppDelegate.swift */; };
		A18DF5952377CEC5009E5E55 /* SceneDelegate.swift in Sources */ = {isa = PBXBuildFile; fileRef = A18DF5942377CEC5009E5E55 /* SceneDelegate.swift */; };
		A18DF5972377CEC5009E5E55 /* ViewController.swift in Sources */ = {isa = PBXBuildFile; fileRef = A18DF5962377CEC5009E5E55 /* ViewController.swift */; };
		A18DF59A2377CEC5009E5E55 /* Main.storyboard in Resources */ = {isa = PBXBuildFile; fileRef = A18DF5982377CEC5009E5E55 /* Main.storyboard */; };
		A18DF59C2377CEC6009E5E55 /* Assets.xcassets in Resources */ = {isa = PBXBuildFile; fileRef = A18DF59B2377CEC6009E5E55 /* Assets.xcassets */; };
		A18DF59F2377CEC6009E5E55 /* LaunchScreen.storyboard in Resources */ = {isa = PBXBuildFile; fileRef = A18DF59D2377CEC6009E5E55 /* LaunchScreen.storyboard */; };
		A18DF5A72377E2BE009E5E55 /* CardModel.swift in Sources */ = {isa = PBXBuildFile; fileRef = A18DF5A62377E2BE009E5E55 /* CardModel.swift */; };
		A18DF5A92377E681009E5E55 /* NetworkService.swift in Sources */ = {isa = PBXBuildFile; fileRef = A18DF5A82377E681009E5E55 /* NetworkService.swift */; };
		A18DF5AB2377F44A009E5E55 /* CardTableViewCell.swift in Sources */ = {isa = PBXBuildFile; fileRef = A18DF5AA2377F44A009E5E55 /* CardTableViewCell.swift */; };
		A18DF5AD2377F487009E5E55 /* CardTableViewCell.xib in Resources */ = {isa = PBXBuildFile; fileRef = A18DF5AC2377F487009E5E55 /* CardTableViewCell.xib */; };
/* End PBXBuildFile section */

/* Begin PBXFileReference section */
		A18DF58F2377CEC5009E5E55 /* testProject.app */ = {isa = PBXFileReference; explicitFileType = wrapper.application; includeInIndex = 0; path = testProject.app; sourceTree = BUILT_PRODUCTS_DIR; };
		A18DF5922377CEC5009E5E55 /* AppDelegate.swift */ = {isa = PBXFileReference; lastKnownFileType = sourcecode.swift; path = AppDelegate.swift; sourceTree = "<group>"; };
		A18DF5942377CEC5009E5E55 /* SceneDelegate.swift */ = {isa = PBXFileReference; lastKnownFileType = sourcecode.swift; path = SceneDelegate.swift; sourceTree = "<group>"; };
		A18DF5962377CEC5009E5E55 /* ViewController.swift */ = {isa = PBXFileReference; lastKnownFileType = sourcecode.swift; path = ViewController.swift; sourceTree = "<group>"; };
		A18DF5992377CEC5009E5E55 /* Base */ = {isa = PBXFileReference; lastKnownFileType = file.storyboard; name = Base; path = Base.lproj/Main.storyboard; sourceTree = "<group>"; };
		A18DF59B2377CEC6009E5E55 /* Assets.xcassets */ = {isa = PBXFileReference; lastKnownFileType = folder.assetcatalog; path = Assets.xcassets; sourceTree = "<group>"; };
		A18DF59E2377CEC6009E5E55 /* Base */ = {isa = PBXFileReference; lastKnownFileType = file.storyboard; name = Base; path = Base.lproj/LaunchScreen.storyboard; sourceTree = "<group>"; };
		A18DF5A02377CEC6009E5E55 /* Info.plist */ = {isa = PBXFileReference; lastKnownFileType = text.plist.xml; path = Info.plist; sourceTree = "<group>"; };
		A18DF5A62377E2BE009E5E55 /* CardModel.swift */ = {isa = PBXFileReference; lastKnownFileType = sourcecode.swift; path = CardModel.swift; sourceTree = "<group>"; };
		A18DF5A82377E681009E5E55 /* NetworkService.swift */ = {isa = PBXFileReference; lastKnownFileType = sourcecode.swift; path = NetworkService.swift; sourceTree = "<group>"; };
		A18DF5AA2377F44A009E5E55 /* CardTableViewCell.swift */ = {isa = PBXFileReference; lastKnownFileType = sourcecode.swift; path = CardTableViewCell.swift; sourceTree = "<group>"; };
		A18DF5AC2377F487009E5E55 /* CardTableViewCell.xib */ = {isa = PBXFileReference; lastKnownFileType = file.xib; path = CardTableViewCell.xib; sourceTree = "<group>"; };
/* End PBXFileReference section */

/* Begin PBXFrameworksBuildPhase section */
		A18DF58C2377CEC5009E5E55 /* Frameworks */ = {
			isa = PBXFrameworksBuildPhase;
			buildActionMask = 2147483647;
			files = (
			);
			runOnlyForDeploymentPostprocessing = 0;
		};
/* End PBXFrameworksBuildPhase section */

/* Begin PBXGroup section */
		A10AFDC42378423A006A4430 /* CardModel */ = {
			isa = PBXGroup;
			children = (
				A18DF5A62377E2BE009E5E55 /* CardModel.swift */,
			);
			path = CardModel;
			sourceTree = "<group>";
		};
		A10AFDC523784249006A4430 /* Network */ = {
			isa = PBXGroup;
			children = (
				A18DF5A82377E681009E5E55 /* NetworkService.swift */,
			);
			path = Network;
			sourceTree = "<group>";
		};
		A10AFDC623784255006A4430 /* CardCell */ = {
			isa = PBXGroup;
			children = (
				A18DF5AA2377F44A009E5E55 /* CardTableViewCell.swift */,
				A18DF5AC2377F487009E5E55 /* CardTableViewCell.xib */,
			);
			path = CardCell;
			sourceTree = "<group>";
		};
		A18DF5862377CEC5009E5E55 = {
			isa = PBXGroup;
			children = (
				A18DF5912377CEC5009E5E55 /* testProject */,
				A18DF5902377CEC5009E5E55 /* Products */,
			);
			sourceTree = "<group>";
		};
		A18DF5902377CEC5009E5E55 /* Products */ = {
			isa = PBXGroup;
			children = (
				A18DF58F2377CEC5009E5E55 /* testProject.app */,
			);
			name = Products;
			sourceTree = "<group>";
		};
		A18DF5912377CEC5009E5E55 /* testProject */ = {
			isa = PBXGroup;
			children = (
				A10AFDC623784255006A4430 /* CardCell */,
				A10AFDC523784249006A4430 /* Network */,
				A10AFDC42378423A006A4430 /* CardModel */,
				A18DF5962377CEC5009E5E55 /* ViewController.swift */,
				A18DF5982377CEC5009E5E55 /* Main.storyboard */,
				A18DF59B2377CEC6009E5E55 /* Assets.xcassets */,
				A18DF5922377CEC5009E5E55 /* AppDelegate.swift */,
				A18DF5942377CEC5009E5E55 /* SceneDelegate.swift */,
				A18DF59D2377CEC6009E5E55 /* LaunchScreen.storyboard */,
				A18DF5A02377CEC6009E5E55 /* Info.plist */,
			);
			path = testProject;
			sourceTree = "<group>";
		};
/* End PBXGroup section */

/* Begin PBXNativeTarget section */
		A18DF58E2377CEC5009E5E55 /* testProject */ = {
			isa = PBXNativeTarget;
			buildConfigurationList = A18DF5A32377CEC6009E5E55 /* Build configuration list for PBXNativeTarget "testProject" */;
			buildPhases = (
				A18DF58B2377CEC5009E5E55 /* Sources */,
				A18DF58C2377CEC5009E5E55 /* Frameworks */,
				A18DF58D2377CEC5009E5E55 /* Resources */,
			);
			buildRules = (
			);
			dependencies = (
			);
			name = testProject;
			productName = testProject;
			productReference = A18DF58F2377CEC5009E5E55 /* testProject.app */;
			productType = "com.apple.product-type.application";
		};
/* End PBXNativeTarget section */

/* Begin PBXProject section */
		A18DF5872377CEC5009E5E55 /* Project object */ = {
			isa = PBXProject;
			attributes = {
				LastSwiftUpdateCheck = 1120;
				LastUpgradeCheck = 1120;
				ORGANIZATIONNAME = "Hayk Hartynyan";
				TargetAttributes = {
					A18DF58E2377CEC5009E5E55 = {
						CreatedOnToolsVersion = 11.2;
					};
				};
			};
			buildConfigurationList = A18DF58A2377CEC5009E5E55 /* Build configuration list for PBXProject "testProject" */;
			compatibilityVersion = "Xcode 9.3";
			developmentRegion = en;
			hasScannedForEncodings = 0;
			knownRegions = (
				en,
				Base,
			);
			mainGroup = A18DF5862377CEC5009E5E55;
			productRefGroup = A18DF5902377CEC5009E5E55 /* Products */;
			projectDirPath = "";
			projectRoot = "";
			targets = (
				A18DF58E2377CEC5009E5E55 /* testProject */,
			);
		};
/* End PBXProject section */

/* Begin PBXResourcesBuildPhase section */
		A18DF58D2377CEC5009E5E55 /* Resources */ = {
			isa = PBXResourcesBuildPhase;
			buildActionMask = 2147483647;
			files = (
				A18DF59F2377CEC6009E5E55 /* LaunchScreen.storyboard in Resources */,
				A18DF59C2377CEC6009E5E55 /* Assets.xcassets in Resources */,
				A18DF59A2377CEC5009E5E55 /* Main.storyboard in Resources */,
				A18DF5AD2377F487009E5E55 /* CardTableViewCell.xib in Resources */,
			);
			runOnlyForDeploymentPostprocessing = 0;
		};
/* End PBXResourcesBuildPhase section */

/* Begin PBXSourcesBuildPhase section */
		A18DF58B2377CEC5009E5E55 /* Sources */ = {
			isa = PBXSourcesBuildPhase;
			buildActionMask = 2147483647;
			files = (
				A18DF5A92377E681009E5E55 /* NetworkService.swift in Sources */,
				A18DF5AB2377F44A009E5E55 /* CardTableViewCell.swift in Sources */,
				A18DF5972377CEC5009E5E55 /* ViewController.swift in Sources */,
				A18DF5A72377E2BE009E5E55 /* CardModel.swift in Sources */,
				A18DF5932377CEC5009E5E55 /* AppDelegate.swift in Sources */,
				A18DF5952377CEC5009E5E55 /* SceneDelegate.swift in Sources */,
			);
			runOnlyForDeploymentPostprocessing = 0;
		};
/* End PBXSourcesBuildPhase section */

/* Begin PBXVariantGroup section */
		A18DF5982377CEC5009E5E55 /* Main.storyboard */ = {
			isa = PBXVariantGroup;
			children = (
				A18DF5992377CEC5009E5E55 /* Base */,
			);
			name = Main.storyboard;
			sourceTree = "<group>";
		};
		A18DF59D2377CEC6009E5E55 /* LaunchScreen.storyboard */ = {
			isa = PBXVariantGroup;
			children = (
				A18DF59E2377CEC6009E5E55 /* Base */,
			);
			name = LaunchScreen.storyboard;
			sourceTree = "<group>";
		};
/* End PBXVariantGroup section */

/* Begin XCBuildConfiguration section */
		A18DF5A12377CEC6009E5E55 /* Debug */ = {
			isa = XCBuildConfiguration;
			buildSettings = {
				ALWAYS_SEARCH_USER_PATHS = NO;
				CLANG_ANALYZER_NONNULL = YES;
				CLANG_ANALYZER_NUMBER_OBJECT_CONVERSION = YES_AGGRESSIVE;
				CLANG_CXX_LANGUAGE_STANDARD = "gnu++14";
				CLANG_CXX_LIBRARY = "libc++";
				CLANG_ENABLE_MODULES = YES;
				CLANG_ENABLE_OBJC_ARC = YES;
				CLANG_ENABLE_OBJC_WEAK = YES;
				CLANG_WARN_BLOCK_CAPTURE_AUTORELEASING = YES;
				CLANG_WARN_BOOL_CONVERSION = YES;
				CLANG_WARN_COMMA = YES;
				CLANG_WARN_CONSTANT_CONVERSION = YES;
				CLANG_WARN_DEPRECATED_OBJC_IMPLEMENTATIONS = YES;
				CLANG_WARN_DIRECT_OBJC_ISA_USAGE = YES_ERROR;
				CLANG_WARN_DOCUMENTATION_COMMENTS = YES;
				CLANG_WARN_EMPTY_BODY = YES;
				CLANG_WARN_ENUM_CONVERSION = YES;
				CLANG_WARN_INFINITE_RECURSION = YES;
				CLANG_WARN_INT_CONVERSION = YES;
				CLANG_WARN_NON_LITERAL_NULL_CONVERSION = YES;
				CLANG_WARN_OBJC_IMPLICIT_RETAIN_SELF = YES;
				CLANG_WARN_OBJC_LITERAL_CONVERSION = YES;
				CLANG_WARN_OBJC_ROOT_CLASS = YES_ERROR;
				CLANG_WARN_RANGE_LOOP_ANALYSIS = YES;
				CLANG_WARN_STRICT_PROTOTYPES = YES;
				CLANG_WARN_SUSPICIOUS_MOVE = YES;
				CLANG_WARN_UNGUARDED_AVAILABILITY = YES_AGGRESSIVE;
				CLANG_WARN_UNREACHABLE_CODE = YES;
				CLANG_WARN__DUPLICATE_METHOD_MATCH = YES;
				COPY_PHASE_STRIP = NO;
				DEBUG_INFORMATION_FORMAT = dwarf;
				ENABLE_STRICT_OBJC_MSGSEND = YES;
				ENABLE_TESTABILITY = YES;
				GCC_C_LANGUAGE_STANDARD = gnu11;
				GCC_DYNAMIC_NO_PIC = NO;
				GCC_NO_COMMON_BLOCKS = YES;
				GCC_OPTIMIZATION_LEVEL = 0;
				GCC_PREPROCESSOR_DEFINITIONS = (
					"DEBUG=1",
					"$(inherited)",
				);
				GCC_WARN_64_TO_32_BIT_CONVERSION = YES;
				GCC_WARN_ABOUT_RETURN_TYPE = YES_ERROR;
				GCC_WARN_UNDECLARED_SELECTOR = YES;
				GCC_WARN_UNINITIALIZED_AUTOS = YES_AGGRESSIVE;
				GCC_WARN_UNUSED_FUNCTION = YES;
				GCC_WARN_UNUSED_VARIABLE = YES;
				IPHONEOS_DEPLOYMENT_TARGET = 13.2;
				MTL_ENABLE_DEBUG_INFO = INCLUDE_SOURCE;
				MTL_FAST_MATH = YES;
				ONLY_ACTIVE_ARCH = YES;
				SDKROOT = iphoneos;
				SWIFT_ACTIVE_COMPILATION_CONDITIONS = DEBUG;
				SWIFT_OPTIMIZATION_LEVEL = "-Onone";
			};
			name = Debug;
		};
		A18DF5A22377CEC6009E5E55 /* Release */ = {
			isa = XCBuildConfiguration;
			buildSettings = {
				ALWAYS_SEARCH_USER_PATHS = NO;
				CLANG_ANALYZER_NONNULL = YES;
				CLANG_ANALYZER_NUMBER_OBJECT_CONVERSION = YES_AGGRESSIVE;
				CLANG_CXX_LANGUAGE_STANDARD = "gnu++14";
				CLANG_CXX_LIBRARY = "libc++";
				CLANG_ENABLE_MODULES = YES;
				CLANG_ENABLE_OBJC_ARC = YES;
				CLANG_ENABLE_OBJC_WEAK = YES;
				CLANG_WARN_BLOCK_CAPTURE_AUTORELEASING = YES;
				CLANG_WARN_BOOL_CONVERSION = YES;
				CLANG_WARN_COMMA = YES;
				CLANG_WARN_CONSTANT_CONVERSION = YES;
				CLANG_WARN_DEPRECATED_OBJC_IMPLEMENTATIONS = YES;
				CLANG_WARN_DIRECT_OBJC_ISA_USAGE = YES_ERROR;
				CLANG_WARN_DOCUMENTATION_COMMENTS = YES;
				CLANG_WARN_EMPTY_BODY = YES;
				CLANG_WARN_ENUM_CONVERSION = YES;
				CLANG_WARN_INFINITE_RECURSION = YES;
				CLANG_WARN_INT_CONVERSION = YES;
				CLANG_WARN_NON_LITERAL_NULL_CONVERSION = YES;
				CLANG_WARN_OBJC_IMPLICIT_RETAIN_SELF = YES;
				CLANG_WARN_OBJC_LITERAL_CONVERSION = YES;
				CLANG_WARN_OBJC_ROOT_CLASS = YES_ERROR;
				CLANG_WARN_RANGE_LOOP_ANALYSIS = YES;
				CLANG_WARN_STRICT_PROTOTYPES = YES;
				CLANG_WARN_SUSPICIOUS_MOVE = YES;
				CLANG_WARN_UNGUARDED_AVAILABILITY = YES_AGGRESSIVE;
				CLANG_WARN_UNREACHABLE_CODE = YES;
				CLANG_WARN__DUPLICATE_METHOD_MATCH = YES;
				COPY_PHASE_STRIP = NO;
				DEBUG_INFORMATION_FORMAT = "dwarf-with-dsym";
				ENABLE_NS_ASSERTIONS = NO;
				ENABLE_STRICT_OBJC_MSGSEND = YES;
				GCC_C_LANGUAGE_STANDARD = gnu11;
				GCC_NO_COMMON_BLOCKS = YES;
				GCC_WARN_64_TO_32_BIT_CONVERSION = YES;
				GCC_WARN_ABOUT_RETURN_TYPE = YES_ERROR;
				GCC_WARN_UNDECLARED_SELECTOR = YES;
				GCC_WARN_UNINITIALIZED_AUTOS = YES_AGGRESSIVE;
				GCC_WARN_UNUSED_FUNCTION = YES;
				GCC_WARN_UNUSED_VARIABLE = YES;
				IPHONEOS_DEPLOYMENT_TARGET = 13.2;
				MTL_ENABLE_DEBUG_INFO = NO;
				MTL_FAST_MATH = YES;
				SDKROOT = iphoneos;
				SWIFT_COMPILATION_MODE = wholemodule;
				SWIFT_OPTIMIZATION_LEVEL = "-O";
				VALIDATE_PRODUCT = YES;
			};
			name = Release;
		};
		A18DF5A42377CEC6009E5E55 /* Debug */ = {
			isa = XCBuildConfiguration;
			buildSettings = {
				ASSETCATALOG_COMPILER_APPICON_NAME = AppIcon;
				CODE_SIGN_STYLE = Automatic;
				INFOPLIST_FILE = testProject/Info.plist;
				LD_RUNPATH_SEARCH_PATHS = (
					"$(inherited)",
					"@executable_path/Frameworks",
				);
				PRODUCT_BUNDLE_IDENTIFIER = hayk.hartynyan.testProject;
				PRODUCT_NAME = "$(TARGET_NAME)";
				SWIFT_VERSION = 5.0;
				TARGETED_DEVICE_FAMILY = "1,2";
			};
			name = Debug;
		};
		A18DF5A52377CEC6009E5E55 /* Release */ = {
			isa = XCBuildConfiguration;
			buildSettings = {
				ASSETCATALOG_COMPILER_APPICON_NAME = AppIcon;
				CODE_SIGN_STYLE = Automatic;
				INFOPLIST_FILE = testProject/Info.plist;
				LD_RUNPATH_SEARCH_PATHS = (
					"$(inherited)",
					"@executable_path/Frameworks",
				);
				PRODUCT_BUNDLE_IDENTIFIER = hayk.hartynyan.testProject;
				PRODUCT_NAME = "$(TARGET_NAME)";
				SWIFT_VERSION = 5.0;
				TARGETED_DEVICE_FAMILY = "1,2";
			};
			name = Release;
		};
/* End XCBuildConfiguration section */

/* Begin XCConfigurationList section */
		A18DF58A2377CEC5009E5E55 /* Build configuration list for PBXProject "testProject" */ = {
			isa = XCConfigurationList;
			buildConfigurations = (
				A18DF5A12377CEC6009E5E55 /* Debug */,
				A18DF5A22377CEC6009E5E55 /* Release */,
			);
			defaultConfigurationIsVisible = 0;
			defaultConfigurationName = Release;
		};
		A18DF5A32377CEC6009E5E55 /* Build configuration list for PBXNativeTarget "testProject" */ = {
			isa = XCConfigurationList;
			buildConfigurations = (
				A18DF5A42377CEC6009E5E55 /* Debug */,
				A18DF5A52377CEC6009E5E55 /* Release */,
			);
			defaultConfigurationIsVisible = 0;
			defaultConfigurationName = Release;
		};
/* End XCConfigurationList section */
	};
	rootObject = A18DF5872377CEC5009E5E55 /* Project object */;
}
